
Microsoft Visual Studio Solution File, Format Version 12.00
# Visual Studio 15
VisualStudioVersion = 15.0.26730.16
MinimumVisualStudioVersion = 10.0.40219.1
Project("{FAE04EC0-301F-11D3-BF4B-00C04F79EFBC}") = "Exercicio1", "ConsoleApp1\Exercicio1.csproj", "{3F3E121E-F44F-4FB6-9929-888B68DBC53E}"
EndProject
Project("{FAE04EC0-301F-11D3-BF4B-00C04F79EFBC}") = "Exercicio2", "Exercicio2\Exercicio2.csproj", "{F2DAA3CF-0E90-4E7F-A776-8A227D36D981}"
EndProject
Project("{FAE04EC0-301F-11D3-BF4B-00C04F79EFBC}") = "Exercicio3", "Exercicio3\Exercicio3.csproj", "{EB1922D2-630C-455C-ADF8-A8AFAC7A0775}"
EndProject
Project("{FAE04EC0-301F-11D3-BF4B-00C04F79EFBC}") = "Exercicio4", "Exercicio4\Exercicio4.csproj", "{06677C94-5386-428D-A294-2E72C24B7DD8}"
EndProject
Global
	GlobalSection(SolutionConfigurationPlatforms) = preSolution
		Debug|Any CPU = Debug|Any CPU
		Release|Any CPU = Release|Any CPU
	EndGlobalSection
	GlobalSection(ProjectConfigurationPlatforms) = postSolution
		{3F3E121E-F44F-4FB6-9929-888B68DBC53E}.Debug|Any CPU.ActiveCfg = Debug|Any CPU
		{3F3E121E-F44F-4FB6-9929-888B68DBC53E}.Debug|Any CPU.Build.0 = Debug|Any CPU
		{3F3E121E-F44F-4FB6-9929-888B68DBC53E}.Release|Any CPU.ActiveCfg = Release|Any CPU
		{3F3E121E-F44F-4FB6-9929-888B68DBC53E}.Release|Any CPU.Build.0 = Release|Any CPU
		{F2DAA3CF-0E90-4E7F-A776-8A227D36D981}.Debug|Any CPU.ActiveCfg = Debug|Any CPU
		{F2DAA3CF-0E90-4E7F-A776-8A227D36D981}.Debug|Any CPU.Build.0 = Debug|Any CPU
		{F2DAA3CF-0E90-4E7F-A776-8A227D36D981}.Release|Any CPU.ActiveCfg = Release|Any CPU
		{F2DAA3CF-0E90-4E7F-A776-8A227D36D981}.Release|Any CPU.Build.0 = Release|Any CPU
		{EB1922D2-630C-455C-ADF8-A8AFAC7A0775}.Debug|Any CPU.ActiveCfg = Debug|Any CPU
		{EB1922D2-630C-455C-ADF8-A8AFAC7A0775}.Debug|Any CPU.Build.0 = Debug|Any CPU
		{EB1922D2-630C-455C-ADF8-A8AFAC7A0775}.Release|Any CPU.ActiveCfg = Release|Any CPU
		{EB1922D2-630C-455C-ADF8-A8AFAC7A0775}.Release|Any CPU.Build.0 = Release|Any CPU
		{06677C94-5386-428D-A294-2E72C24B7DD8}.Debug|Any CPU.ActiveCfg = Debug|Any CPU
		{06677C94-5386-428D-A294-2E72C24B7DD8}.Debug|Any CPU.Build.0 = Debug|Any CPU
		{06677C94-5386-428D-A294-2E72C24B7DD8}.Release|Any CPU.ActiveCfg = Release|Any CPU
		{06677C94-5386-428D-A294-2E72C24B7DD8}.Release|Any CPU.Build.0 = Release|Any CPU
	EndGlobalSection
	GlobalSection(SolutionProperties) = preSolution
		HideSolutionNode = FALSE
	EndGlobalSection
	GlobalSection(ExtensibilityGlobals) = postSolution
		SolutionGuid = {B493CED3-A778-4466-BFC4-DDCE3E1954A5}
	EndGlobalSection
EndGlobal
